
Microsoft Visual Studio Solution File, Format Version 12.00
# Visual Studio Version 16
VisualStudioVersion = 16.0.30128.74
MinimumVisualStudioVersion = 10.0.40219.1
Project("{FAE04EC0-301F-11D3-BF4B-00C04F79EFBC}") = "PasswordCollector", "PasswordCollector.csproj", "{524204DA-674E-4DF5-9408-2CCDCE5A547F}"
EndProject
Global
	GlobalSection(SolutionConfigurationPlatforms) = preSolution
		Debug|Any CPU = Debug|Any CPU
		Release|Any CPU = Release|Any CPU
	EndGlobalSection
	GlobalSection(ProjectConfigurationPlatforms) = postSolution
		{524204DA-674E-4DF5-9408-2CCDCE5A547F}.Debug|Any CPU.ActiveCfg = Debug|Any CPU
		{524204DA-674E-4DF5-9408-2CCDCE5A547F}.Debug|Any CPU.Build.0 = Debug|Any CPU
		{524204DA-674E-4DF5-9408-2CCDCE5A547F}.Release|Any CPU.ActiveCfg = Release|Any CPU
		{524204DA-674E-4DF5-9408-2CCDCE5A547F}.Release|Any CPU.Build.0 = Release|Any CPU
	EndGlobalSection
	GlobalSection(SolutionProperties) = preSolution
		HideSolutionNode = FALSE
	EndGlobalSection
	GlobalSection(ExtensibilityGlobals) = postSolution
		SolutionGuid = {A38B26F2-79CB-4411-B906-B72A8A5532A6}
	EndGlobalSection
EndGlobal
